Microsoft Visual Studio Solution File, Format Version 12.00
# Visual Studio 2012
Project("{FAE04EC0-301F-11D3-BF4B-00C04F79EFBC}") = "Destrier NET40", "Destrier NET40\Destrier NET40.csproj", "{CA71CE76-44F8-46D2-8BBC-AAAA31CD3E5D}"
EndProject
Project("{FAE04EC0-301F-11D3-BF4B-00C04F79EFBC}") = "Destrier.Test", "Destrier.Test\Destrier.Test.csproj", "{3D5D72F5-92D2-4AD6-9ED0-B4667560F713}"
EndProject
Project("{FAE04EC0-301F-11D3-BF4B-00C04F79EFBC}") = "ORMComparison", "ORMComparison\ORMComparison.csproj", "{C51E3F04-21D3-4B51-8768-7876BAA0D292}"
EndProject
Project("{2150E333-8FDC-42A3-9474-1A3956D46DE8}") = "Meta", "Meta", "{ECCE471E-6D0A-4911-9B37-E007288BCC61}"
	ProjectSection(SolutionItems) = preProject
		.travis.yml = .travis.yml
		Destrier.nuspec = Destrier.nuspec
		Destrier.xbuild = Destrier.xbuild
		LICENSE.md = LICENSE.md
		README.md = README.md
	EndProjectSection
EndProject
Project("{FAE04EC0-301F-11D3-BF4B-00C04F79EFBC}") = "Destrier NET45", "Destrier NET45\Destrier NET45.csproj", "{8162C35E-0C7D-40A9-B25D-FE560EEBD7C5}"
EndProject
Project("{FAE04EC0-301F-11D3-BF4B-00C04F79EFBC}") = "Destrier.Test.Postgres", "Destrier.Test.Postgres\Destrier.Test.Postgres.csproj", "{D6C77B83-DD3F-4232-B87A-F888C80D2D30}"
EndProject
Project("{FAE04EC0-301F-11D3-BF4B-00C04F79EFBC}") = "Destrier.Redis", "Destrier.Redis\Destrier.Redis.csproj", "{8935E11C-A573-495E-8C26-D6470B0484AF}"
EndProject
Project("{FAE04EC0-301F-11D3-BF4B-00C04F79EFBC}") = "Destrier.Redis.Test", "Destrier.Redis.Test\Destrier.Redis.Test.csproj", "{2C460282-900F-4931-B76D-79D92F6EAC4C}"
EndProject
Global
	GlobalSection(SolutionConfigurationPlatforms) = preSolution
		Debug|Any CPU = Debug|Any CPU
		Release|Any CPU = Release|Any CPU
	EndGlobalSection
	GlobalSection(ProjectConfigurationPlatforms) = postSolution
		{CA71CE76-44F8-46D2-8BBC-AAAA31CD3E5D}.Debug|Any CPU.ActiveCfg = Debug|Any CPU
		{CA71CE76-44F8-46D2-8BBC-AAAA31CD3E5D}.Debug|Any CPU.Build.0 = Debug|Any CPU
		{CA71CE76-44F8-46D2-8BBC-AAAA31CD3E5D}.Release|Any CPU.ActiveCfg = Release|Any CPU
		{CA71CE76-44F8-46D2-8BBC-AAAA31CD3E5D}.Release|Any CPU.Build.0 = Release|Any CPU
		{3D5D72F5-92D2-4AD6-9ED0-B4667560F713}.Debug|Any CPU.ActiveCfg = Debug|Any CPU
		{3D5D72F5-92D2-4AD6-9ED0-B4667560F713}.Debug|Any CPU.Build.0 = Debug|Any CPU
		{3D5D72F5-92D2-4AD6-9ED0-B4667560F713}.Release|Any CPU.ActiveCfg = Release|Any CPU
		{3D5D72F5-92D2-4AD6-9ED0-B4667560F713}.Release|Any CPU.Build.0 = Release|Any CPU
		{C51E3F04-21D3-4B51-8768-7876BAA0D292}.Debug|Any CPU.ActiveCfg = Debug|Any CPU
		{C51E3F04-21D3-4B51-8768-7876BAA0D292}.Debug|Any CPU.Build.0 = Debug|Any CPU
		{C51E3F04-21D3-4B51-8768-7876BAA0D292}.Release|Any CPU.ActiveCfg = Release|Any CPU
		{C51E3F04-21D3-4B51-8768-7876BAA0D292}.Release|Any CPU.Build.0 = Release|Any CPU
		{8162C35E-0C7D-40A9-B25D-FE560EEBD7C5}.Debug|Any CPU.ActiveCfg = Debug|Any CPU
		{8162C35E-0C7D-40A9-B25D-FE560EEBD7C5}.Debug|Any CPU.Build.0 = Debug|Any CPU
		{8162C35E-0C7D-40A9-B25D-FE560EEBD7C5}.Release|Any CPU.ActiveCfg = Release|Any CPU
		{8162C35E-0C7D-40A9-B25D-FE560EEBD7C5}.Release|Any CPU.Build.0 = Release|Any CPU
		{D6C77B83-DD3F-4232-B87A-F888C80D2D30}.Debug|Any CPU.ActiveCfg = Debug|Any CPU
		{D6C77B83-DD3F-4232-B87A-F888C80D2D30}.Debug|Any CPU.Build.0 = Debug|Any CPU
		{D6C77B83-DD3F-4232-B87A-F888C80D2D30}.Release|Any CPU.ActiveCfg = Release|Any CPU
		{D6C77B83-DD3F-4232-B87A-F888C80D2D30}.Release|Any CPU.Build.0 = Release|Any CPU
		{8935E11C-A573-495E-8C26-D6470B0484AF}.Debug|Any CPU.ActiveCfg = Debug|Any CPU
		{8935E11C-A573-495E-8C26-D6470B0484AF}.Debug|Any CPU.Build.0 = Debug|Any CPU
		{8935E11C-A573-495E-8C26-D6470B0484AF}.Release|Any CPU.ActiveCfg = Release|Any CPU
		{8935E11C-A573-495E-8C26-D6470B0484AF}.Release|Any CPU.Build.0 = Release|Any CPU
		{2C460282-900F-4931-B76D-79D92F6EAC4C}.Debug|Any CPU.ActiveCfg = Debug|Any CPU
		{2C460282-900F-4931-B76D-79D92F6EAC4C}.Debug|Any CPU.Build.0 = Debug|Any CPU
		{2C460282-900F-4931-B76D-79D92F6EAC4C}.Release|Any CPU.ActiveCfg = Release|Any CPU
		{2C460282-900F-4931-B76D-79D92F6EAC4C}.Release|Any CPU.Build.0 = Release|Any CPU
	EndGlobalSection
	GlobalSection(SolutionProperties) = preSolution
		HideSolutionNode = FALSE
	EndGlobalSection
	GlobalSection(MonoDevelopProperties) = preSolution
		StartupItem = ORMComparison\ORMComparison.csproj
	EndGlobalSection
EndGlobal
