
Microsoft Visual Studio Solution File, Format Version 12.00
# Visual Studio 2012
Project("{FAE04EC0-301F-11D3-BF4B-00C04F79EFBC}") = "Destrier", "Destrier\Destrier.csproj", "{CA71CE76-44F8-46D2-8BBC-AAAA31CD3E5D}"
EndProject
Project("{FAE04EC0-301F-11D3-BF4B-00C04F79EFBC}") = "Destrier.Test", "Destrier.Test\Destrier.Test.csproj", "{3D5D72F5-92D2-4AD6-9ED0-B4667560F713}"
EndProject
Global
	GlobalSection(SolutionConfigurationPlatforms) = preSolution
		Debug|Any CPU = Debug|Any CPU
		Release|Any CPU = Release|Any CPU
	EndGlobalSection
	GlobalSection(ProjectConfigurationPlatforms) = postSolution
		{CA71CE76-44F8-46D2-8BBC-AAAA31CD3E5D}.Debug|Any CPU.ActiveCfg = Debug|Any CPU
		{CA71CE76-44F8-46D2-8BBC-AAAA31CD3E5D}.Debug|Any CPU.Build.0 = Debug|Any CPU
		{CA71CE76-44F8-46D2-8BBC-AAAA31CD3E5D}.Release|Any CPU.ActiveCfg = Release|Any CPU
		{CA71CE76-44F8-46D2-8BBC-AAAA31CD3E5D}.Release|Any CPU.Build.0 = Release|Any CPU
		{3D5D72F5-92D2-4AD6-9ED0-B4667560F713}.Debug|Any CPU.ActiveCfg = Debug|Any CPU
		{3D5D72F5-92D2-4AD6-9ED0-B4667560F713}.Debug|Any CPU.Build.0 = Debug|Any CPU
		{3D5D72F5-92D2-4AD6-9ED0-B4667560F713}.Release|Any CPU.ActiveCfg = Release|Any CPU
		{3D5D72F5-92D2-4AD6-9ED0-B4667560F713}.Release|Any CPU.Build.0 = Release|Any CPU
	EndGlobalSection
	GlobalSection(SolutionProperties) = preSolution
		HideSolutionNode = FALSE
	EndGlobalSection
EndGlobal
